
Microsoft Visual Studio Solution File, Format Version 12.00
# Visual Studio 15
VisualStudioVersion = 15.0.27130.2024
MinimumVisualStudioVersion = 10.0.40219.1
Project("{FAE04EC0-301F-11D3-BF4B-00C04F79EFBC}") = "Konuhov_project", "Konuhov_project\Konuhov_project.csproj", "{9EE5990E-45A1-4253-8460-FF75E8C67921}"
EndProject
Global
	GlobalSection(SolutionConfigurationPlatforms) = preSolution
		Debug|Any CPU = Debug|Any CPU
		Release|Any CPU = Release|Any CPU
	EndGlobalSection
	GlobalSection(ProjectConfigurationPlatforms) = postSolution
		{9EE5990E-45A1-4253-8460-FF75E8C67921}.Debug|Any CPU.ActiveCfg = Debug|Any CPU
		{9EE5990E-45A1-4253-8460-FF75E8C67921}.Debug|Any CPU.Build.0 = Debug|Any CPU
		{9EE5990E-45A1-4253-8460-FF75E8C67921}.Release|Any CPU.ActiveCfg = Release|Any CPU
		{9EE5990E-45A1-4253-8460-FF75E8C67921}.Release|Any CPU.Build.0 = Release|Any CPU
	EndGlobalSection
	GlobalSection(SolutionProperties) = preSolution
		HideSolutionNode = FALSE
	EndGlobalSection
	GlobalSection(ExtensibilityGlobals) = postSolution
		SolutionGuid = {F818C045-5AE0-40F4-B9DC-E0719FA9238F}
	EndGlobalSection
EndGlobal
